
Microsoft Visual Studio Solution File, Format Version 12.00
# Visual Studio 15
VisualStudioVersion = 15.0.28010.2026
MinimumVisualStudioVersion = 10.0.40219.1
Project("{FAE04EC0-301F-11D3-BF4B-00C04F79EFBC}") = "BBCTests", "BBCTests\BBCTests.csproj", "{7AFEC535-73E6-42A2-ADAD-76791275E715}"
EndProject
Project("{FAE04EC0-301F-11D3-BF4B-00C04F79EFBC}") = "PageObjects", "PageObjects\PageObjects.csproj", "{F91E2107-DEEF-4E3D-B7AE-48512079EABF}"
EndProject
Project("{FAE04EC0-301F-11D3-BF4B-00C04F79EFBC}") = "Models", "Models\Models.csproj", "{A9AC6AD7-4C88-47AF-80C3-37072E7A9732}"
EndProject
Global
	GlobalSection(SolutionConfigurationPlatforms) = preSolution
		Debug|Any CPU = Debug|Any CPU
		Release|Any CPU = Release|Any CPU
	EndGlobalSection
	GlobalSection(ProjectConfigurationPlatforms) = postSolution
		{7AFEC535-73E6-42A2-ADAD-76791275E715}.Debug|Any CPU.ActiveCfg = Debug|Any CPU
		{7AFEC535-73E6-42A2-ADAD-76791275E715}.Debug|Any CPU.Build.0 = Debug|Any CPU
		{7AFEC535-73E6-42A2-ADAD-76791275E715}.Release|Any CPU.ActiveCfg = Release|Any CPU
		{7AFEC535-73E6-42A2-ADAD-76791275E715}.Release|Any CPU.Build.0 = Release|Any CPU
		{F91E2107-DEEF-4E3D-B7AE-48512079EABF}.Debug|Any CPU.ActiveCfg = Debug|Any CPU
		{F91E2107-DEEF-4E3D-B7AE-48512079EABF}.Debug|Any CPU.Build.0 = Debug|Any CPU
		{F91E2107-DEEF-4E3D-B7AE-48512079EABF}.Release|Any CPU.ActiveCfg = Release|Any CPU
		{F91E2107-DEEF-4E3D-B7AE-48512079EABF}.Release|Any CPU.Build.0 = Release|Any CPU
		{A9AC6AD7-4C88-47AF-80C3-37072E7A9732}.Debug|Any CPU.ActiveCfg = Debug|Any CPU
		{A9AC6AD7-4C88-47AF-80C3-37072E7A9732}.Debug|Any CPU.Build.0 = Debug|Any CPU
		{A9AC6AD7-4C88-47AF-80C3-37072E7A9732}.Release|Any CPU.ActiveCfg = Release|Any CPU
		{A9AC6AD7-4C88-47AF-80C3-37072E7A9732}.Release|Any CPU.Build.0 = Release|Any CPU
	EndGlobalSection
	GlobalSection(SolutionProperties) = preSolution
		HideSolutionNode = FALSE
	EndGlobalSection
	GlobalSection(ExtensibilityGlobals) = postSolution
		SolutionGuid = {664090F5-6A08-4B08-8D75-6A714FED64C3}
	EndGlobalSection
EndGlobal
